
Microsoft Visual Studio Solution File, Format Version 12.00
# Visual Studio Version 16
VisualStudioVersion = 16.0.30611.23
MinimumVisualStudioVersion = 10.0.40219.1
Project("{E24C65DC-7377-472B-9ABA-BC803B73C61A}") = "WS_Pessoa", "WS_Pessoa\", "{FDF809CD-2396-48FD-9241-E9D5899F84BC}"
	ProjectSection(WebsiteProperties) = preProject
		TargetFrameworkMoniker = ".NETFramework,Version%3Dv4.7.2"
		Debug.AspNetCompiler.VirtualPath = "/localhost_50405"
		Debug.AspNetCompiler.PhysicalPath = "WS_Pessoa\"
		Debug.AspNetCompiler.TargetPath = "PrecompiledWeb\localhost_50405\"
		Debug.AspNetCompiler.Updateable = "true"
		Debug.AspNetCompiler.ForceOverwrite = "true"
		Debug.AspNetCompiler.FixedNames = "false"
		Debug.AspNetCompiler.Debug = "True"
		Release.AspNetCompiler.VirtualPath = "/localhost_50405"
		Release.AspNetCompiler.PhysicalPath = "WS_Pessoa\"
		Release.AspNetCompiler.TargetPath = "PrecompiledWeb\localhost_50405\"
		Release.AspNetCompiler.Updateable = "true"
		Release.AspNetCompiler.ForceOverwrite = "true"
		Release.AspNetCompiler.FixedNames = "false"
		Release.AspNetCompiler.Debug = "False"
		VWDPort = "50405"
		SlnRelativePath = "WS_Pessoa\"
		DefaultWebSiteLanguage = "Visual C#"
	EndProjectSection
EndProject
Global
	GlobalSection(SolutionConfigurationPlatforms) = preSolution
		Debug|Any CPU = Debug|Any CPU
		Release|Any CPU = Release|Any CPU
	EndGlobalSection
	GlobalSection(ProjectConfigurationPlatforms) = postSolution
		{FDF809CD-2396-48FD-9241-E9D5899F84BC}.Debug|Any CPU.ActiveCfg = Debug|Any CPU
		{FDF809CD-2396-48FD-9241-E9D5899F84BC}.Debug|Any CPU.Build.0 = Debug|Any CPU
		{FDF809CD-2396-48FD-9241-E9D5899F84BC}.Release|Any CPU.ActiveCfg = Debug|Any CPU
		{FDF809CD-2396-48FD-9241-E9D5899F84BC}.Release|Any CPU.Build.0 = Debug|Any CPU
	EndGlobalSection
	GlobalSection(SolutionProperties) = preSolution
		HideSolutionNode = FALSE
	EndGlobalSection
	GlobalSection(ExtensibilityGlobals) = postSolution
		SolutionGuid = {86280F43-5F11-42FD-A068-471D46F3CC56}
	EndGlobalSection
EndGlobal
